
Microsoft Visual Studio Solution File, Format Version 12.00
# Visual Studio 14
VisualStudioVersion = 14.0.24720.0
MinimumVisualStudioVersion = 10.0.40219.1
Project("{FAE04EC0-301F-11D3-BF4B-00C04F79EFBC}") = "test", "test\test.csproj", "{8D788042-D05C-4094-AB81-C592988F6457}"
EndProject
Project("{FAE04EC0-301F-11D3-BF4B-00C04F79EFBC}") = "org.webpki.json", "org.webpki.json\org.webpki.json.csproj", "{B55A7FF8-A761-4E8C-9794-E0B8D9E11339}"
EndProject
Project("{FAE04EC0-301F-11D3-BF4B-00C04F79EFBC}") = "datacontract", "datacontract\datacontract.csproj", "{B68C1D60-6ABD-45DB-9BED-2BFFB2C6449B}"
EndProject
Global
	GlobalSection(SolutionConfigurationPlatforms) = preSolution
		Debug|Any CPU = Debug|Any CPU
		Release|Any CPU = Release|Any CPU
	EndGlobalSection
	GlobalSection(ProjectConfigurationPlatforms) = postSolution
		{8D788042-D05C-4094-AB81-C592988F6457}.Debug|Any CPU.ActiveCfg = Debug|Any CPU
		{8D788042-D05C-4094-AB81-C592988F6457}.Debug|Any CPU.Build.0 = Debug|Any CPU
		{8D788042-D05C-4094-AB81-C592988F6457}.Release|Any CPU.ActiveCfg = Release|Any CPU
		{8D788042-D05C-4094-AB81-C592988F6457}.Release|Any CPU.Build.0 = Release|Any CPU
		{B55A7FF8-A761-4E8C-9794-E0B8D9E11339}.Debug|Any CPU.ActiveCfg = Debug|Any CPU
		{B55A7FF8-A761-4E8C-9794-E0B8D9E11339}.Debug|Any CPU.Build.0 = Debug|Any CPU
		{B55A7FF8-A761-4E8C-9794-E0B8D9E11339}.Release|Any CPU.ActiveCfg = Release|Any CPU
		{B55A7FF8-A761-4E8C-9794-E0B8D9E11339}.Release|Any CPU.Build.0 = Release|Any CPU
		{B68C1D60-6ABD-45DB-9BED-2BFFB2C6449B}.Debug|Any CPU.ActiveCfg = Debug|Any CPU
		{B68C1D60-6ABD-45DB-9BED-2BFFB2C6449B}.Debug|Any CPU.Build.0 = Debug|Any CPU
		{B68C1D60-6ABD-45DB-9BED-2BFFB2C6449B}.Release|Any CPU.ActiveCfg = Release|Any CPU
		{B68C1D60-6ABD-45DB-9BED-2BFFB2C6449B}.Release|Any CPU.Build.0 = Release|Any CPU
	EndGlobalSection
	GlobalSection(SolutionProperties) = preSolution
		HideSolutionNode = FALSE
	EndGlobalSection
EndGlobal
